// !$*UTF8*$!
{
	archiveVersion = 1;
	classes = {
	};
	objectVersion = 46;
	objects = {

/* Begin PBXBuildFile section */
		BC5ED4511C1490CC00960F09 /* AppDelegate.swift in Sources */ = {isa = PBXBuildFile; fileRef = BC5ED4501C1490CC00960F09 /* AppDelegate.swift */; };
		BC5ED4531C1490CC00960F09 /* ViewController.swift in Sources */ = {isa = PBXBuildFile; fileRef = BC5ED4521C1490CC00960F09 /* ViewController.swift */; };
		BC5ED4561C1490CC00960F09 /* Main.storyboard in Resources */ = {isa = PBXBuildFile; fileRef = BC5ED4541C1490CC00960F09 /* Main.storyboard */; };
		BC5ED4591C1490CC00960F09 /* TKD_Korean_Terms.xcdatamodeld in Sources */ = {isa = PBXBuildFile; fileRef = BC5ED4571C1490CC00960F09 /* TKD_Korean_Terms.xcdatamodeld */; };
		BC5ED45B1C1490CC00960F09 /* Assets.xcassets in Resources */ = {isa = PBXBuildFile; fileRef = BC5ED45A1C1490CC00960F09 /* Assets.xcassets */; };
		BC5ED45E1C1490CC00960F09 /* LaunchScreen.storyboard in Resources */ = {isa = PBXBuildFile; fileRef = BC5ED45C1C1490CC00960F09 /* LaunchScreen.storyboard */; };
/* End PBXBuildFile section */

/* Begin PBXFileReference section */
		BC5ED44D1C1490CC00960F09 /* TKD Korean Terms.app */ = {isa = PBXFileReference; explicitFileType = wrapper.application; includeInIndex = 0; path = "TKD Korean Terms.app"; sourceTree = BUILT_PRODUCTS_DIR; };
		BC5ED4501C1490CC00960F09 /* AppDelegate.swift */ = {isa = PBXFileReference; lastKnownFileType = sourcecode.swift; path = AppDelegate.swift; sourceTree = "<group>"; };
		BC5ED4521C1490CC00960F09 /* ViewController.swift */ = {isa = PBXFileReference; lastKnownFileType = sourcecode.swift; path = ViewController.swift; sourceTree = "<group>"; };
		BC5ED4551C1490CC00960F09 /* Base */ = {isa = PBXFileReference; lastKnownFileType = file.storyboard; name = Base; path = Base.lproj/Main.storyboard; sourceTree = "<group>"; };
		BC5ED4581C1490CC00960F09 /* TKD_Korean_Terms.xcdatamodel */ = {isa = PBXFileReference; lastKnownFileType = wrapper.xcdatamodel; path = TKD_Korean_Terms.xcdatamodel; sourceTree = "<group>"; };
		BC5ED45A1C1490CC00960F09 /* Assets.xcassets */ = {isa = PBXFileReference; lastKnownFileType = folder.assetcatalog; path = Assets.xcassets; sourceTree = "<group>"; };
		BC5ED45D1C1490CC00960F09 /* Base */ = {isa = PBXFileReference; lastKnownFileType = file.storyboard; name = Base; path = Base.lproj/LaunchScreen.storyboard; sourceTree = "<group>"; };
		BC5ED45F1C1490CC00960F09 /* Info.plist */ = {isa = PBXFileReference; lastKnownFileType = text.plist.xml; path = Info.plist; sourceTree = "<group>"; };
/* End PBXFileReference section */

/* Begin PBXFrameworksBuildPhase section */
		BC5ED44A1C1490CC00960F09 /* Frameworks */ = {
			isa = PBXFrameworksBuildPhase;
			buildActionMask = 2147483647;
			files = (
			);
			runOnlyForDeploymentPostprocessing = 0;
		};
/* End PBXFrameworksBuildPhase section */

/* Begin PBXGroup section */
		BC5ED4441C1490CC00960F09 = {
			isa = PBXGroup;
			children = (
				BC5ED44F1C1490CC00960F09 /* TKD Korean Terms */,
				BC5ED44E1C1490CC00960F09 /* Products */,
			);
			sourceTree = "<group>";
		};
		BC5ED44E1C1490CC00960F09 /* Products */ = {
			isa = PBXGroup;
			children = (
				BC5ED44D1C1490CC00960F09 /* TKD Korean Terms.app */,
			);
			name = Products;
			sourceTree = "<group>";
		};
		BC5ED44F1C1490CC00960F09 /* TKD Korean Terms */ = {
			isa = PBXGroup;
			children = (
				BC5ED4501C1490CC00960F09 /* AppDelegate.swift */,
				BC5ED4521C1490CC00960F09 /* ViewController.swift */,
				BC5ED4541C1490CC00960F09 /* Main.storyboard */,
				BC5ED45A1C1490CC00960F09 /* Assets.xcassets */,
				BC5ED45C1C1490CC00960F09 /* LaunchScreen.storyboard */,
				BC5ED45F1C1490CC00960F09 /* Info.plist */,
				BC5ED4571C1490CC00960F09 /* TKD_Korean_Terms.xcdatamodeld */,
			);
			path = "TKD Korean Terms";
			sourceTree = "<group>";
		};
/* End PBXGroup section */

/* Begin PBXNativeTarget section */
		BC5ED44C1C1490CC00960F09 /* TKD Korean Terms */ = {
			isa = PBXNativeTarget;
			buildConfigurationList = BC5ED4621C1490CC00960F09 /* Build configuration list for PBXNativeTarget "TKD Korean Terms" */;
			buildPhases = (
				BC5ED4491C1490CC00960F09 /* Sources */,
				BC5ED44A1C1490CC00960F09 /* Frameworks */,
				BC5ED44B1C1490CC00960F09 /* Resources */,
			);
			buildRules = (
			);
			dependencies = (
			);
			name = "TKD Korean Terms";
			productName = "TKD Korean Terms";
			productReference = BC5ED44D1C1490CC00960F09 /* TKD Korean Terms.app */;
			productType = "com.apple.product-type.application";
		};
/* End PBXNativeTarget section */

/* Begin PBXProject section */
		BC5ED4451C1490CC00960F09 /* Project object */ = {
			isa = PBXProject;
			attributes = {
				LastSwiftUpdateCheck = 0710;
				LastUpgradeCheck = 0710;
				ORGANIZATIONNAME = "Joshua Sullivan";
				TargetAttributes = {
					BC5ED44C1C1490CC00960F09 = {
						CreatedOnToolsVersion = 7.1.1;
					};
				};
			};
			buildConfigurationList = BC5ED4481C1490CC00960F09 /* Build configuration list for PBXProject "TKD Korean Terms" */;
			compatibilityVersion = "Xcode 3.2";
			developmentRegion = English;
			hasScannedForEncodings = 0;
			knownRegions = (
				en,
				Base,
			);
			mainGroup = BC5ED4441C1490CC00960F09;
			productRefGroup = BC5ED44E1C1490CC00960F09 /* Products */;
			projectDirPath = "";
			projectRoot = "";
			targets = (
				BC5ED44C1C1490CC00960F09 /* TKD Korean Terms */,
			);
		};
/* End PBXProject section */

/* Begin PBXResourcesBuildPhase section */
		BC5ED44B1C1490CC00960F09 /* Resources */ = {
			isa = PBXResourcesBuildPhase;
			buildActionMask = 2147483647;
			files = (
				BC5ED45E1C1490CC00960F09 /* LaunchScreen.storyboard in Resources */,
				BC5ED45B1C1490CC00960F09 /* Assets.xcassets in Resources */,
				BC5ED4561C1490CC00960F09 /* Main.storyboard in Resources */,
			);
			runOnlyForDeploymentPostprocessing = 0;
		};
/* End PBXResourcesBuildPhase section */

/* Begin PBXSourcesBuildPhase section */
		BC5ED4491C1490CC00960F09 /* Sources */ = {
			isa = PBXSourcesBuildPhase;
			buildActionMask = 2147483647;
			files = (
				BC5ED4591C1490CC00960F09 /* TKD_Korean_Terms.xcdatamodeld in Sources */,
				BC5ED4531C1490CC00960F09 /* ViewController.swift in Sources */,
				BC5ED4511C1490CC00960F09 /* AppDelegate.swift in Sources */,
			);
			runOnlyForDeploymentPostprocessing = 0;
		};
/* End PBXSourcesBuildPhase section */

/* Begin PBXVariantGroup section */
		BC5ED4541C1490CC00960F09 /* Main.storyboard */ = {
			isa = PBXVariantGroup;
			children = (
				BC5ED4551C1490CC00960F09 /* Base */,
			);
			name = Main.storyboard;
			sourceTree = "<group>";
		};
		BC5ED45C1C1490CC00960F09 /* LaunchScreen.storyboard */ = {
			isa = PBXVariantGroup;
			children = (
				BC5ED45D1C1490CC00960F09 /* Base */,
			);
			name = LaunchScreen.storyboard;
			sourceTree = "<group>";
		};
/* End PBXVariantGroup section */

/* Begin XCBuildConfiguration section */
		BC5ED4601C1490CC00960F09 /* Debug */ = {
			isa = XCBuildConfiguration;
			buildSettings = {
				ALWAYS_SEARCH_USER_PATHS = NO;
				CLANG_CXX_LANGUAGE_STANDARD = "gnu++0x";
				CLANG_CXX_LIBRARY = "libc++";
				CLANG_ENABLE_MODULES = YES;
				CLANG_ENABLE_OBJC_ARC = YES;
				CLANG_WARN_BOOL_CONVERSION = YES;
				CLANG_WARN_CONSTANT_CONVERSION = YES;
				CLANG_WARN_DIRECT_OBJC_ISA_USAGE = YES_ERROR;
				CLANG_WARN_EMPTY_BODY = YES;
				CLANG_WARN_ENUM_CONVERSION = YES;
				CLANG_WARN_INT_CONVERSION = YES;
				CLANG_WARN_OBJC_ROOT_CLASS = YES_ERROR;
				CLANG_WARN_UNREACHABLE_CODE = YES;
				CLANG_WARN__DUPLICATE_METHOD_MATCH = YES;
				"CODE_SIGN_IDENTITY[sdk=iphoneos*]" = "iPhone Developer";
				COPY_PHASE_STRIP = NO;
				DEBUG_INFORMATION_FORMAT = dwarf;
				ENABLE_STRICT_OBJC_MSGSEND = YES;
				ENABLE_TESTABILITY = YES;
				GCC_C_LANGUAGE_STANDARD = gnu99;
				GCC_DYNAMIC_NO_PIC = NO;
				GCC_NO_COMMON_BLOCKS = YES;
				GCC_OPTIMIZATION_LEVEL = 0;
				GCC_PREPROCESSOR_DEFINITIONS = (
					"DEBUG=1",
					"$(inherited)",
				);
				GCC_WARN_64_TO_32_BIT_CONVERSION = YES;
				GCC_WARN_ABOUT_RETURN_TYPE = YES_ERROR;
				GCC_WARN_UNDECLARED_SELECTOR = YES;
				GCC_WARN_UNINITIALIZED_AUTOS = YES_AGGRESSIVE;
				GCC_WARN_UNUSED_FUNCTION = YES;
				GCC_WARN_UNUSED_VARIABLE = YES;
				IPHONEOS_DEPLOYMENT_TARGET = 9.1;
				MTL_ENABLE_DEBUG_INFO = YES;
				ONLY_ACTIVE_ARCH = YES;
				SDKROOT = iphoneos;
				SWIFT_OPTIMIZATION_LEVEL = "-Onone";
				TARGETED_DEVICE_FAMILY = "1,2";
			};
			name = Debug;
		};
		BC5ED4611C1490CC00960F09 /* Release */ = {
			isa = XCBuildConfiguration;
			buildSettings = {
				ALWAYS_SEARCH_USER_PATHS = NO;
				CLANG_CXX_LANGUAGE_STANDARD = "gnu++0x";
				CLANG_CXX_LIBRARY = "libc++";
				CLANG_ENABLE_MODULES = YES;
				CLANG_ENABLE_OBJC_ARC = YES;
				CLANG_WARN_BOOL_CONVERSION = YES;
				CLANG_WARN_CONSTANT_CONVERSION = YES;
				CLANG_WARN_DIRECT_OBJC_ISA_USAGE = YES_ERROR;
				CLANG_WARN_EMPTY_BODY = YES;
				CLANG_WARN_ENUM_CONVERSION = YES;
				CLANG_WARN_INT_CONVERSION = YES;
				CLANG_WARN_OBJC_ROOT_CLASS = YES_ERROR;
				CLANG_WARN_UNREACHABLE_CODE = YES;
				CLANG_WARN__DUPLICATE_METHOD_MATCH = YES;
				"CODE_SIGN_IDENTITY[sdk=iphoneos*]" = "iPhone Developer";
				COPY_PHASE_STRIP = NO;
				DEBUG_INFORMATION_FORMAT = "dwarf-with-dsym";
				ENABLE_NS_ASSERTIONS = NO;
				ENABLE_STRICT_OBJC_MSGSEND = YES;
				GCC_C_LANGUAGE_STANDARD = gnu99;
				GCC_NO_COMMON_BLOCKS = YES;
				GCC_WARN_64_TO_32_BIT_CONVERSION = YES;
				GCC_WARN_ABOUT_RETURN_TYPE = YES_ERROR;
				GCC_WARN_UNDECLARED_SELECTOR = YES;
				GCC_WARN_UNINITIALIZED_AUTOS = YES_AGGRESSIVE;
				GCC_WARN_UNUSED_FUNCTION = YES;
				GCC_WARN_UNUSED_VARIABLE = YES;
				IPHONEOS_DEPLOYMENT_TARGET = 9.1;
				MTL_ENABLE_DEBUG_INFO = NO;
				SDKROOT = iphoneos;
				TARGETED_DEVICE_FAMILY = "1,2";
				VALIDATE_PRODUCT = YES;
			};
			name = Release;
		};
		BC5ED4631C1490CC00960F09 /* Debug */ = {
			isa = XCBuildConfiguration;
			buildSettings = {
				ASSETCATALOG_COMPILER_APPICON_NAME = AppIcon;
				INFOPLIST_FILE = "TKD Korean Terms/Info.plist";
				LD_RUNPATH_SEARCH_PATHS = "$(inherited) @executable_path/Frameworks";
				PRODUCT_BUNDLE_IDENTIFIER = "com.hairlessape.TKD-Korean-Terms";
				PRODUCT_NAME = "$(TARGET_NAME)";
			};
			name = Debug;
		};
		BC5ED4641C1490CC00960F09 /* Release */ = {
			isa = XCBuildConfiguration;
			buildSettings = {
				ASSETCATALOG_COMPILER_APPICON_NAME = AppIcon;
				INFOPLIST_FILE = "TKD Korean Terms/Info.plist";
				LD_RUNPATH_SEARCH_PATHS = "$(inherited) @executable_path/Frameworks";
				PRODUCT_BUNDLE_IDENTIFIER = "com.hairlessape.TKD-Korean-Terms";
				PRODUCT_NAME = "$(TARGET_NAME)";
			};
			name = Release;
		};
/* End XCBuildConfiguration section */

/* Begin XCConfigurationList section */
		BC5ED4481C1490CC00960F09 /* Build configuration list for PBXProject "TKD Korean Terms" */ = {
			isa = XCConfigurationList;
			buildConfigurations = (
				BC5ED4601C1490CC00960F09 /* Debug */,
				BC5ED4611C1490CC00960F09 /* Release */,
			);
			defaultConfigurationIsVisible = 0;
			defaultConfigurationName = Release;
		};
		BC5ED4621C1490CC00960F09 /* Build configuration list for PBXNativeTarget "TKD Korean Terms" */ = {
			isa = XCConfigurationList;
			buildConfigurations = (
				BC5ED4631C1490CC00960F09 /* Debug */,
				BC5ED4641C1490CC00960F09 /* Release */,
			);
			defaultConfigurationIsVisible = 0;
		};
/* End XCConfigurationList section */

/* Begin XCVersionGroup section */
		BC5ED4571C1490CC00960F09 /* TKD_Korean_Terms.xcdatamodeld */ = {
			isa = XCVersionGroup;
			children = (
				BC5ED4581C1490CC00960F09 /* TKD_Korean_Terms.xcdatamodel */,
			);
			currentVersion = BC5ED4581C1490CC00960F09 /* TKD_Korean_Terms.xcdatamodel */;
			path = TKD_Korean_Terms.xcdatamodeld;
			sourceTree = "<group>";
			versionGroupType = wrapper.xcdatamodel;
		};
/* End XCVersionGroup section */
	};
	rootObject = BC5ED4451C1490CC00960F09 /* Project object */;
}
